
Microsoft Visual Studio Solution File, Format Version 10.00
# Visual Studio 2008
Project("{FAE04EC0-301F-11D3-BF4B-00C04F79EFBC}") = "strategy-theory", "strategy-theory\strategy-theory.csproj", "{CFD360FE-0C13-434F-BF74-759F5A109CDB}"
EndProject
Global
	GlobalSection(SolutionConfigurationPlatforms) = preSolution
		Debug|Any CPU = Debug|Any CPU
		Release|Any CPU = Release|Any CPU
	EndGlobalSection
	GlobalSection(ProjectConfigurationPlatforms) = postSolution
		{CFD360FE-0C13-434F-BF74-759F5A109CDB}.Debug|Any CPU.ActiveCfg = Debug|Any CPU
		{CFD360FE-0C13-434F-BF74-759F5A109CDB}.Debug|Any CPU.Build.0 = Debug|Any CPU
		{CFD360FE-0C13-434F-BF74-759F5A109CDB}.Release|Any CPU.ActiveCfg = Release|Any CPU
		{CFD360FE-0C13-434F-BF74-759F5A109CDB}.Release|Any CPU.Build.0 = Release|Any CPU
	EndGlobalSection
	GlobalSection(SolutionProperties) = preSolution
		HideSolutionNode = FALSE
	EndGlobalSection
EndGlobal
