
Microsoft Visual Studio Solution File, Format Version 12.00
# Visual Studio 2012
Project("{FAE04EC0-301F-11D3-BF4B-00C04F79EFBC}") = "[1-3].Students", "[1-3].Students\[1-3].Students.csproj", "{5DB66845-B9E6-4A09-9C4F-72CF66A36B0A}"
EndProject
Project("{FAE04EC0-301F-11D3-BF4B-00C04F79EFBC}") = "4.Person", "4.Person\4.Person.csproj", "{16F9D3C3-B918-4F57-9768-E231486DCC53}"
EndProject
Project("{FAE04EC0-301F-11D3-BF4B-00C04F79EFBC}") = "5.BitArray", "5.BitArray\5.BitArray.csproj", "{1319B84D-76A9-4DDE-B5C6-507F6F18DD68}"
EndProject
Global
	GlobalSection(SolutionConfigurationPlatforms) = preSolution
		Debug|Any CPU = Debug|Any CPU
		Release|Any CPU = Release|Any CPU
	EndGlobalSection
	GlobalSection(ProjectConfigurationPlatforms) = postSolution
		{5DB66845-B9E6-4A09-9C4F-72CF66A36B0A}.Debug|Any CPU.ActiveCfg = Debug|Any CPU
		{5DB66845-B9E6-4A09-9C4F-72CF66A36B0A}.Debug|Any CPU.Build.0 = Debug|Any CPU
		{5DB66845-B9E6-4A09-9C4F-72CF66A36B0A}.Release|Any CPU.ActiveCfg = Release|Any CPU
		{5DB66845-B9E6-4A09-9C4F-72CF66A36B0A}.Release|Any CPU.Build.0 = Release|Any CPU
		{16F9D3C3-B918-4F57-9768-E231486DCC53}.Debug|Any CPU.ActiveCfg = Debug|Any CPU
		{16F9D3C3-B918-4F57-9768-E231486DCC53}.Debug|Any CPU.Build.0 = Debug|Any CPU
		{16F9D3C3-B918-4F57-9768-E231486DCC53}.Release|Any CPU.ActiveCfg = Release|Any CPU
		{16F9D3C3-B918-4F57-9768-E231486DCC53}.Release|Any CPU.Build.0 = Release|Any CPU
		{1319B84D-76A9-4DDE-B5C6-507F6F18DD68}.Debug|Any CPU.ActiveCfg = Debug|Any CPU
		{1319B84D-76A9-4DDE-B5C6-507F6F18DD68}.Debug|Any CPU.Build.0 = Debug|Any CPU
		{1319B84D-76A9-4DDE-B5C6-507F6F18DD68}.Release|Any CPU.ActiveCfg = Release|Any CPU
		{1319B84D-76A9-4DDE-B5C6-507F6F18DD68}.Release|Any CPU.Build.0 = Release|Any CPU
	EndGlobalSection
	GlobalSection(SolutionProperties) = preSolution
		HideSolutionNode = FALSE
	EndGlobalSection
EndGlobal
