
Microsoft Visual Studio Solution File, Format Version 12.00
# Visual Studio 2012
Project("{FAE04EC0-301F-11D3-BF4B-00C04F79EFBC}") = "MobilePhone", "MobilePhone\MobilePhone.csproj", "{BFDB186E-C570-4FAF-9B67-4566D5AC2790}"
EndProject
Global
	GlobalSection(SolutionConfigurationPlatforms) = preSolution
		Debug|Any CPU = Debug|Any CPU
		Release|Any CPU = Release|Any CPU
	EndGlobalSection
	GlobalSection(ProjectConfigurationPlatforms) = postSolution
		{BFDB186E-C570-4FAF-9B67-4566D5AC2790}.Debug|Any CPU.ActiveCfg = Debug|Any CPU
		{BFDB186E-C570-4FAF-9B67-4566D5AC2790}.Debug|Any CPU.Build.0 = Debug|Any CPU
		{BFDB186E-C570-4FAF-9B67-4566D5AC2790}.Release|Any CPU.ActiveCfg = Release|Any CPU
		{BFDB186E-C570-4FAF-9B67-4566D5AC2790}.Release|Any CPU.Build.0 = Release|Any CPU
	EndGlobalSection
	GlobalSection(SolutionProperties) = preSolution
		HideSolutionNode = FALSE
	EndGlobalSection
EndGlobal
