
Microsoft Visual Studio Solution File, Format Version 12.00
# Visual Studio 2012
Project("{FAE04EC0-301F-11D3-BF4B-00C04F79EFBC}") = "1.Kitchen", "1.Kitchen\1.Kitchen.csproj", "{1616E702-E1D6-44DB-BB7E-D3E96B4CB213}"
EndProject
Project("{FAE04EC0-301F-11D3-BF4B-00C04F79EFBC}") = "2.RefactorIfStatements", "2.RefactorIfStatements\2.RefactorIfStatements.csproj", "{C482C0CA-D36D-47FC-A6D4-64E67C38A906}"
EndProject
Project("{FAE04EC0-301F-11D3-BF4B-00C04F79EFBC}") = "3.RefactorLoop", "3.RefactorLoop\3.RefactorLoop.csproj", "{33EF110B-F816-4EF1-A1B9-08F63FEDC623}"
EndProject
Global
	GlobalSection(SolutionConfigurationPlatforms) = preSolution
		Debug|Any CPU = Debug|Any CPU
		Release|Any CPU = Release|Any CPU
	EndGlobalSection
	GlobalSection(ProjectConfigurationPlatforms) = postSolution
		{1616E702-E1D6-44DB-BB7E-D3E96B4CB213}.Debug|Any CPU.ActiveCfg = Debug|Any CPU
		{1616E702-E1D6-44DB-BB7E-D3E96B4CB213}.Debug|Any CPU.Build.0 = Debug|Any CPU
		{1616E702-E1D6-44DB-BB7E-D3E96B4CB213}.Release|Any CPU.ActiveCfg = Release|Any CPU
		{1616E702-E1D6-44DB-BB7E-D3E96B4CB213}.Release|Any CPU.Build.0 = Release|Any CPU
		{C482C0CA-D36D-47FC-A6D4-64E67C38A906}.Debug|Any CPU.ActiveCfg = Debug|Any CPU
		{C482C0CA-D36D-47FC-A6D4-64E67C38A906}.Debug|Any CPU.Build.0 = Debug|Any CPU
		{C482C0CA-D36D-47FC-A6D4-64E67C38A906}.Release|Any CPU.ActiveCfg = Release|Any CPU
		{C482C0CA-D36D-47FC-A6D4-64E67C38A906}.Release|Any CPU.Build.0 = Release|Any CPU
		{33EF110B-F816-4EF1-A1B9-08F63FEDC623}.Debug|Any CPU.ActiveCfg = Debug|Any CPU
		{33EF110B-F816-4EF1-A1B9-08F63FEDC623}.Debug|Any CPU.Build.0 = Debug|Any CPU
		{33EF110B-F816-4EF1-A1B9-08F63FEDC623}.Release|Any CPU.ActiveCfg = Release|Any CPU
		{33EF110B-F816-4EF1-A1B9-08F63FEDC623}.Release|Any CPU.Build.0 = Release|Any CPU
	EndGlobalSection
	GlobalSection(SolutionProperties) = preSolution
		HideSolutionNode = FALSE
	EndGlobalSection
EndGlobal
