
Microsoft Visual Studio Solution File, Format Version 12.00
# Visual Studio 2012
Project("{FAE04EC0-301F-11D3-BF4B-00C04F79EFBC}") = "2.CompareDataTypes", "2.CompareDataTypes\2.CompareDataTypes.csproj", "{FA5B1D6D-3B07-4117-A627-A21E62CC5736}"
EndProject
Project("{FAE04EC0-301F-11D3-BF4B-00C04F79EFBC}") = "3.MathFuncComparison", "3.MathFuncComparsion\3.MathFuncComparison.csproj", "{C59F27CA-8BFC-4A0F-94D7-69AF5BD27AF4}"
EndProject
Global
	GlobalSection(SolutionConfigurationPlatforms) = preSolution
		Debug|Any CPU = Debug|Any CPU
		Release|Any CPU = Release|Any CPU
	EndGlobalSection
	GlobalSection(ProjectConfigurationPlatforms) = postSolution
		{FA5B1D6D-3B07-4117-A627-A21E62CC5736}.Debug|Any CPU.ActiveCfg = Debug|Any CPU
		{FA5B1D6D-3B07-4117-A627-A21E62CC5736}.Debug|Any CPU.Build.0 = Debug|Any CPU
		{FA5B1D6D-3B07-4117-A627-A21E62CC5736}.Release|Any CPU.ActiveCfg = Release|Any CPU
		{FA5B1D6D-3B07-4117-A627-A21E62CC5736}.Release|Any CPU.Build.0 = Release|Any CPU
		{C59F27CA-8BFC-4A0F-94D7-69AF5BD27AF4}.Debug|Any CPU.ActiveCfg = Debug|Any CPU
		{C59F27CA-8BFC-4A0F-94D7-69AF5BD27AF4}.Debug|Any CPU.Build.0 = Debug|Any CPU
		{C59F27CA-8BFC-4A0F-94D7-69AF5BD27AF4}.Release|Any CPU.ActiveCfg = Release|Any CPU
		{C59F27CA-8BFC-4A0F-94D7-69AF5BD27AF4}.Release|Any CPU.Build.0 = Release|Any CPU
	EndGlobalSection
	GlobalSection(SolutionProperties) = preSolution
		HideSolutionNode = FALSE
	EndGlobalSection
EndGlobal
