
Microsoft Visual Studio Solution File, Format Version 12.00
# Visual Studio Express 2012 for Windows Desktop
Project("{FAE04EC0-301F-11D3-BF4B-00C04F79EFBC}") = "MissCat2011", "MissCat2011\MissCat2011.csproj", "{960536BD-8F7C-4F8A-B8F4-2E15080CD193}"
EndProject
Project("{FAE04EC0-301F-11D3-BF4B-00C04F79EFBC}") = "CartesianCoordinateSystem", "CartesianCoordinateSystem\CartesianCoordinateSystem.csproj", "{973CC3AE-EECC-4E68-AFA3-C60592F3CBE6}"
EndProject
Project("{FAE04EC0-301F-11D3-BF4B-00C04F79EFBC}") = "ForestRoad", "ForestRoad\ForestRoad.csproj", "{71BC9705-4867-4819-A193-865E908B8DB8}"
EndProject
Project("{FAE04EC0-301F-11D3-BF4B-00C04F79EFBC}") = "BinaryDigitsCount", "BinaryDigitsCount\BinaryDigitsCount.csproj", "{984CEB17-CAD4-4917-8B9B-9E6BE5D99E01}"
EndProject
Project("{FAE04EC0-301F-11D3-BF4B-00C04F79EFBC}") = "MathExpression", "MathExpression\MathExpression.csproj", "{2BB4A02C-E073-4FDB-93D6-8D855636A5C8}"
EndProject
Project("{FAE04EC0-301F-11D3-BF4B-00C04F79EFBC}") = "Trapezoid", "Trapezoid\Trapezoid.csproj", "{F7F9483C-95E4-4521-A7AE-DE555BCFED75}"
EndProject
Project("{FAE04EC0-301F-11D3-BF4B-00C04F79EFBC}") = "OddNumber", "OddNumber\OddNumber.csproj", "{C83A96E9-C72A-4B5D-A31D-2D41E66EA855}"
EndProject
Project("{FAE04EC0-301F-11D3-BF4B-00C04F79EFBC}") = "Tribonacci", "Tribonacci\Tribonacci.csproj", "{F4D93E39-1403-4727-B67A-4450886FCE58}"
EndProject
Project("{FAE04EC0-301F-11D3-BF4B-00C04F79EFBC}") = "FirTree", "FirTree\FirTree.csproj", "{05D6F246-C73B-4E57-8682-EE643E51B790}"
EndProject
Project("{FAE04EC0-301F-11D3-BF4B-00C04F79EFBC}") = "FighterAttack", "FighterAttack\FighterAttack.csproj", "{6DAC0002-DB52-41D7-BEC2-EBCB6E08101E}"
EndProject
Project("{FAE04EC0-301F-11D3-BF4B-00C04F79EFBC}") = "Sandglass", "Sandglass\Sandglass.csproj", "{E16100BD-99E2-481B-8A9F-8D3A2D45507E}"
EndProject
Project("{FAE04EC0-301F-11D3-BF4B-00C04F79EFBC}") = "ShipDamage", "ShipDamage\ShipDamage.csproj", "{8C4E5078-4E6C-4C1A-A871-15E6E5630A8A}"
EndProject
Project("{FAE04EC0-301F-11D3-BF4B-00C04F79EFBC}") = "SubsetSums", "SubsetSums\SubsetSums.csproj", "{F7ECD63C-DEFE-4CAC-9DB7-BF5904409817}"
EndProject
Project("{FAE04EC0-301F-11D3-BF4B-00C04F79EFBC}") = "LeastMajorityMultiple", "LeastMajorityMultiple\LeastMajorityMultiple.csproj", "{5FA30910-0C8D-4090-9AFA-683081576F0F}"
EndProject
Project("{FAE04EC0-301F-11D3-BF4B-00C04F79EFBC}") = "FallDown", "FallDown\FallDown.csproj", "{5862B00C-C87C-44E4-AF7D-12243E514717}"
EndProject
Project("{FAE04EC0-301F-11D3-BF4B-00C04F79EFBC}") = "WeAllLoveBits", "WeAllLoveBits\WeAllLoveBits.csproj", "{C754AF84-DCBA-4A3A-B1A9-0CBF4C7B6566}"
EndProject
Project("{FAE04EC0-301F-11D3-BF4B-00C04F79EFBC}") = "AstrologicalDigits", "AstrologicalDigits\AstrologicalDigits.csproj", "{16CD31F7-FFAC-4C89-BAFE-DF726C0F8B6A}"
EndProject
Project("{FAE04EC0-301F-11D3-BF4B-00C04F79EFBC}") = "DancingBits", "DancingBits\DancingBits.csproj", "{3F192260-DAA6-4920-B765-B3330B700316}"
EndProject
Project("{FAE04EC0-301F-11D3-BF4B-00C04F79EFBC}") = "Lines", "Lines\Lines.csproj", "{143404A1-CBA6-4E32-872D-2CF3BBDFFF09}"
EndProject
Project("{FAE04EC0-301F-11D3-BF4B-00C04F79EFBC}") = "Pillars", "Pillars\Pillars.csproj", "{BC0F9A9C-2558-4B4F-BF2A-8BE2683DFF3E}"
EndProject
Project("{FAE04EC0-301F-11D3-BF4B-00C04F79EFBC}") = "NextDate", "NextDate\NextDate.csproj", "{3BF3BB16-C178-4C97-848E-F008ECEE57B5}"
EndProject
Project("{FAE04EC0-301F-11D3-BF4B-00C04F79EFBC}") = "TribonacciTriangle", "TribonacciTriangle\TribonacciTriangle.csproj", "{4A1C0ED7-FC5C-4233-BD17-12AE40CBA107}"
EndProject
Project("{FAE04EC0-301F-11D3-BF4B-00C04F79EFBC}") = "Sheets", "Sheetes\Sheets.csproj", "{48ED1B98-7305-4F52-A70C-4382BB40CCAF}"
EndProject
Project("{FAE04EC0-301F-11D3-BF4B-00C04F79EFBC}") = "Carpets", "Carpets\Carpets.csproj", "{C6735DE5-79B9-4E2D-AA25-E42D929D4F0D}"
EndProject
Project("{FAE04EC0-301F-11D3-BF4B-00C04F79EFBC}") = "FormulaBit1", "FormulaBit1\FormulaBit1.csproj", "{F30DCCB1-5BD6-450B-AAF4-2AA682670910}"
EndProject
Project("{FAE04EC0-301F-11D3-BF4B-00C04F79EFBC}") = "Sevenland Numbers", "Sevenland Numbers\Sevenland Numbers.csproj", "{FECE1464-5C52-42C3-BE5E-0850A7C3ABA1}"
EndProject
Project("{FAE04EC0-301F-11D3-BF4B-00C04F79EFBC}") = "A-nacci", "A-nacci\A-nacci.csproj", "{04F6BB75-2C92-4E04-AD6A-AC3C6C610ACE}"
EndProject
Project("{FAE04EC0-301F-11D3-BF4B-00C04F79EFBC}") = "ExcelColumns", "ExcelColumns\ExcelColumns.csproj", "{70F0A38F-D2A9-4B15-AF8B-738CB9E3CA5E}"
EndProject
Project("{FAE04EC0-301F-11D3-BF4B-00C04F79EFBC}") = "TelerikLogo", "TelerikLogo\TelerikLogo.csproj", "{651D6CDF-4F02-40AE-8E3C-F10021EE48B8}"
EndProject
Project("{FAE04EC0-301F-11D3-BF4B-00C04F79EFBC}") = "BitBall", "BitBall\BitBall.csproj", "{DA9E9A88-0A14-4E87-ABAC-FE12FF2632F0}"
EndProject
Project("{FAE04EC0-301F-11D3-BF4B-00C04F79EFBC}") = "TripleRotationOfDigits", "TripleRotationOfDigits\TripleRotationOfDigits.csproj", "{91CC68C7-64EA-4E6E-AD61-5CB8BC0E6FE1}"
EndProject
Project("{FAE04EC0-301F-11D3-BF4B-00C04F79EFBC}") = "QuadronacciRectangle", "QuadronacciRectangle\QuadronacciRectangle.csproj", "{1AF3989D-A148-413E-82E3-CF0D3343C43B}"
EndProject
Project("{FAE04EC0-301F-11D3-BF4B-00C04F79EFBC}") = "Poker", "Poker\Poker.csproj", "{ECD8B53F-2D8A-4442-B235-4FCB14D2F445}"
EndProject
Project("{FAE04EC0-301F-11D3-BF4B-00C04F79EFBC}") = "UKFlag", "UKFlag\UKFlag.csproj", "{3F9C01B1-AF57-4C62-8A81-BBAB957976CA}"
EndProject
Project("{FAE04EC0-301F-11D3-BF4B-00C04F79EFBC}") = "AngryBits", "AngryBits\AngryBits.csproj", "{8CECE78B-B0F3-453C-A1AC-314A4ADD3AD7}"
EndProject
Global
	GlobalSection(SolutionConfigurationPlatforms) = preSolution
		Debug|Any CPU = Debug|Any CPU
		Release|Any CPU = Release|Any CPU
	EndGlobalSection
	GlobalSection(ProjectConfigurationPlatforms) = postSolution
		{960536BD-8F7C-4F8A-B8F4-2E15080CD193}.Debug|Any CPU.ActiveCfg = Debug|Any CPU
		{960536BD-8F7C-4F8A-B8F4-2E15080CD193}.Debug|Any CPU.Build.0 = Debug|Any CPU
		{960536BD-8F7C-4F8A-B8F4-2E15080CD193}.Release|Any CPU.ActiveCfg = Release|Any CPU
		{960536BD-8F7C-4F8A-B8F4-2E15080CD193}.Release|Any CPU.Build.0 = Release|Any CPU
		{973CC3AE-EECC-4E68-AFA3-C60592F3CBE6}.Debug|Any CPU.ActiveCfg = Debug|Any CPU
		{973CC3AE-EECC-4E68-AFA3-C60592F3CBE6}.Debug|Any CPU.Build.0 = Debug|Any CPU
		{973CC3AE-EECC-4E68-AFA3-C60592F3CBE6}.Release|Any CPU.ActiveCfg = Release|Any CPU
		{973CC3AE-EECC-4E68-AFA3-C60592F3CBE6}.Release|Any CPU.Build.0 = Release|Any CPU
		{71BC9705-4867-4819-A193-865E908B8DB8}.Debug|Any CPU.ActiveCfg = Debug|Any CPU
		{71BC9705-4867-4819-A193-865E908B8DB8}.Debug|Any CPU.Build.0 = Debug|Any CPU
		{71BC9705-4867-4819-A193-865E908B8DB8}.Release|Any CPU.ActiveCfg = Release|Any CPU
		{71BC9705-4867-4819-A193-865E908B8DB8}.Release|Any CPU.Build.0 = Release|Any CPU
		{984CEB17-CAD4-4917-8B9B-9E6BE5D99E01}.Debug|Any CPU.ActiveCfg = Debug|Any CPU
		{984CEB17-CAD4-4917-8B9B-9E6BE5D99E01}.Debug|Any CPU.Build.0 = Debug|Any CPU
		{984CEB17-CAD4-4917-8B9B-9E6BE5D99E01}.Release|Any CPU.ActiveCfg = Release|Any CPU
		{984CEB17-CAD4-4917-8B9B-9E6BE5D99E01}.Release|Any CPU.Build.0 = Release|Any CPU
		{2BB4A02C-E073-4FDB-93D6-8D855636A5C8}.Debug|Any CPU.ActiveCfg = Debug|Any CPU
		{2BB4A02C-E073-4FDB-93D6-8D855636A5C8}.Debug|Any CPU.Build.0 = Debug|Any CPU
		{2BB4A02C-E073-4FDB-93D6-8D855636A5C8}.Release|Any CPU.ActiveCfg = Release|Any CPU
		{2BB4A02C-E073-4FDB-93D6-8D855636A5C8}.Release|Any CPU.Build.0 = Release|Any CPU
		{F7F9483C-95E4-4521-A7AE-DE555BCFED75}.Debug|Any CPU.ActiveCfg = Debug|Any CPU
		{F7F9483C-95E4-4521-A7AE-DE555BCFED75}.Debug|Any CPU.Build.0 = Debug|Any CPU
		{F7F9483C-95E4-4521-A7AE-DE555BCFED75}.Release|Any CPU.ActiveCfg = Release|Any CPU
		{F7F9483C-95E4-4521-A7AE-DE555BCFED75}.Release|Any CPU.Build.0 = Release|Any CPU
		{C83A96E9-C72A-4B5D-A31D-2D41E66EA855}.Debug|Any CPU.ActiveCfg = Debug|Any CPU
		{C83A96E9-C72A-4B5D-A31D-2D41E66EA855}.Debug|Any CPU.Build.0 = Debug|Any CPU
		{C83A96E9-C72A-4B5D-A31D-2D41E66EA855}.Release|Any CPU.ActiveCfg = Release|Any CPU
		{C83A96E9-C72A-4B5D-A31D-2D41E66EA855}.Release|Any CPU.Build.0 = Release|Any CPU
		{F4D93E39-1403-4727-B67A-4450886FCE58}.Debug|Any CPU.ActiveCfg = Debug|Any CPU
		{F4D93E39-1403-4727-B67A-4450886FCE58}.Debug|Any CPU.Build.0 = Debug|Any CPU
		{F4D93E39-1403-4727-B67A-4450886FCE58}.Release|Any CPU.ActiveCfg = Release|Any CPU
		{F4D93E39-1403-4727-B67A-4450886FCE58}.Release|Any CPU.Build.0 = Release|Any CPU
		{05D6F246-C73B-4E57-8682-EE643E51B790}.Debug|Any CPU.ActiveCfg = Debug|Any CPU
		{05D6F246-C73B-4E57-8682-EE643E51B790}.Debug|Any CPU.Build.0 = Debug|Any CPU
		{05D6F246-C73B-4E57-8682-EE643E51B790}.Release|Any CPU.ActiveCfg = Release|Any CPU
		{05D6F246-C73B-4E57-8682-EE643E51B790}.Release|Any CPU.Build.0 = Release|Any CPU
		{6DAC0002-DB52-41D7-BEC2-EBCB6E08101E}.Debug|Any CPU.ActiveCfg = Debug|Any CPU
		{6DAC0002-DB52-41D7-BEC2-EBCB6E08101E}.Debug|Any CPU.Build.0 = Debug|Any CPU
		{6DAC0002-DB52-41D7-BEC2-EBCB6E08101E}.Release|Any CPU.ActiveCfg = Release|Any CPU
		{6DAC0002-DB52-41D7-BEC2-EBCB6E08101E}.Release|Any CPU.Build.0 = Release|Any CPU
		{E16100BD-99E2-481B-8A9F-8D3A2D45507E}.Debug|Any CPU.ActiveCfg = Debug|Any CPU
		{E16100BD-99E2-481B-8A9F-8D3A2D45507E}.Debug|Any CPU.Build.0 = Debug|Any CPU
		{E16100BD-99E2-481B-8A9F-8D3A2D45507E}.Release|Any CPU.ActiveCfg = Release|Any CPU
		{E16100BD-99E2-481B-8A9F-8D3A2D45507E}.Release|Any CPU.Build.0 = Release|Any CPU
		{8C4E5078-4E6C-4C1A-A871-15E6E5630A8A}.Debug|Any CPU.ActiveCfg = Debug|Any CPU
		{8C4E5078-4E6C-4C1A-A871-15E6E5630A8A}.Debug|Any CPU.Build.0 = Debug|Any CPU
		{8C4E5078-4E6C-4C1A-A871-15E6E5630A8A}.Release|Any CPU.ActiveCfg = Release|Any CPU
		{8C4E5078-4E6C-4C1A-A871-15E6E5630A8A}.Release|Any CPU.Build.0 = Release|Any CPU
		{F7ECD63C-DEFE-4CAC-9DB7-BF5904409817}.Debug|Any CPU.ActiveCfg = Debug|Any CPU
		{F7ECD63C-DEFE-4CAC-9DB7-BF5904409817}.Debug|Any CPU.Build.0 = Debug|Any CPU
		{F7ECD63C-DEFE-4CAC-9DB7-BF5904409817}.Release|Any CPU.ActiveCfg = Release|Any CPU
		{F7ECD63C-DEFE-4CAC-9DB7-BF5904409817}.Release|Any CPU.Build.0 = Release|Any CPU
		{5FA30910-0C8D-4090-9AFA-683081576F0F}.Debug|Any CPU.ActiveCfg = Debug|Any CPU
		{5FA30910-0C8D-4090-9AFA-683081576F0F}.Debug|Any CPU.Build.0 = Debug|Any CPU
		{5FA30910-0C8D-4090-9AFA-683081576F0F}.Release|Any CPU.ActiveCfg = Release|Any CPU
		{5FA30910-0C8D-4090-9AFA-683081576F0F}.Release|Any CPU.Build.0 = Release|Any CPU
		{5862B00C-C87C-44E4-AF7D-12243E514717}.Debug|Any CPU.ActiveCfg = Debug|Any CPU
		{5862B00C-C87C-44E4-AF7D-12243E514717}.Debug|Any CPU.Build.0 = Debug|Any CPU
		{5862B00C-C87C-44E4-AF7D-12243E514717}.Release|Any CPU.ActiveCfg = Release|Any CPU
		{5862B00C-C87C-44E4-AF7D-12243E514717}.Release|Any CPU.Build.0 = Release|Any CPU
		{C754AF84-DCBA-4A3A-B1A9-0CBF4C7B6566}.Debug|Any CPU.ActiveCfg = Debug|Any CPU
		{C754AF84-DCBA-4A3A-B1A9-0CBF4C7B6566}.Debug|Any CPU.Build.0 = Debug|Any CPU
		{C754AF84-DCBA-4A3A-B1A9-0CBF4C7B6566}.Release|Any CPU.ActiveCfg = Release|Any CPU
		{C754AF84-DCBA-4A3A-B1A9-0CBF4C7B6566}.Release|Any CPU.Build.0 = Release|Any CPU
		{16CD31F7-FFAC-4C89-BAFE-DF726C0F8B6A}.Debug|Any CPU.ActiveCfg = Debug|Any CPU
		{16CD31F7-FFAC-4C89-BAFE-DF726C0F8B6A}.Debug|Any CPU.Build.0 = Debug|Any CPU
		{16CD31F7-FFAC-4C89-BAFE-DF726C0F8B6A}.Release|Any CPU.ActiveCfg = Release|Any CPU
		{16CD31F7-FFAC-4C89-BAFE-DF726C0F8B6A}.Release|Any CPU.Build.0 = Release|Any CPU
		{3F192260-DAA6-4920-B765-B3330B700316}.Debug|Any CPU.ActiveCfg = Debug|Any CPU
		{3F192260-DAA6-4920-B765-B3330B700316}.Debug|Any CPU.Build.0 = Debug|Any CPU
		{3F192260-DAA6-4920-B765-B3330B700316}.Release|Any CPU.ActiveCfg = Release|Any CPU
		{3F192260-DAA6-4920-B765-B3330B700316}.Release|Any CPU.Build.0 = Release|Any CPU
		{143404A1-CBA6-4E32-872D-2CF3BBDFFF09}.Debug|Any CPU.ActiveCfg = Debug|Any CPU
		{143404A1-CBA6-4E32-872D-2CF3BBDFFF09}.Debug|Any CPU.Build.0 = Debug|Any CPU
		{143404A1-CBA6-4E32-872D-2CF3BBDFFF09}.Release|Any CPU.ActiveCfg = Release|Any CPU
		{143404A1-CBA6-4E32-872D-2CF3BBDFFF09}.Release|Any CPU.Build.0 = Release|Any CPU
		{BC0F9A9C-2558-4B4F-BF2A-8BE2683DFF3E}.Debug|Any CPU.ActiveCfg = Debug|Any CPU
		{BC0F9A9C-2558-4B4F-BF2A-8BE2683DFF3E}.Debug|Any CPU.Build.0 = Debug|Any CPU
		{BC0F9A9C-2558-4B4F-BF2A-8BE2683DFF3E}.Release|Any CPU.ActiveCfg = Release|Any CPU
		{BC0F9A9C-2558-4B4F-BF2A-8BE2683DFF3E}.Release|Any CPU.Build.0 = Release|Any CPU
		{3BF3BB16-C178-4C97-848E-F008ECEE57B5}.Debug|Any CPU.ActiveCfg = Debug|Any CPU
		{3BF3BB16-C178-4C97-848E-F008ECEE57B5}.Debug|Any CPU.Build.0 = Debug|Any CPU
		{3BF3BB16-C178-4C97-848E-F008ECEE57B5}.Release|Any CPU.ActiveCfg = Release|Any CPU
		{3BF3BB16-C178-4C97-848E-F008ECEE57B5}.Release|Any CPU.Build.0 = Release|Any CPU
		{4A1C0ED7-FC5C-4233-BD17-12AE40CBA107}.Debug|Any CPU.ActiveCfg = Debug|Any CPU
		{4A1C0ED7-FC5C-4233-BD17-12AE40CBA107}.Debug|Any CPU.Build.0 = Debug|Any CPU
		{4A1C0ED7-FC5C-4233-BD17-12AE40CBA107}.Release|Any CPU.ActiveCfg = Release|Any CPU
		{4A1C0ED7-FC5C-4233-BD17-12AE40CBA107}.Release|Any CPU.Build.0 = Release|Any CPU
		{48ED1B98-7305-4F52-A70C-4382BB40CCAF}.Debug|Any CPU.ActiveCfg = Debug|Any CPU
		{48ED1B98-7305-4F52-A70C-4382BB40CCAF}.Debug|Any CPU.Build.0 = Debug|Any CPU
		{48ED1B98-7305-4F52-A70C-4382BB40CCAF}.Release|Any CPU.ActiveCfg = Release|Any CPU
		{48ED1B98-7305-4F52-A70C-4382BB40CCAF}.Release|Any CPU.Build.0 = Release|Any CPU
		{C6735DE5-79B9-4E2D-AA25-E42D929D4F0D}.Debug|Any CPU.ActiveCfg = Debug|Any CPU
		{C6735DE5-79B9-4E2D-AA25-E42D929D4F0D}.Debug|Any CPU.Build.0 = Debug|Any CPU
		{C6735DE5-79B9-4E2D-AA25-E42D929D4F0D}.Release|Any CPU.ActiveCfg = Release|Any CPU
		{C6735DE5-79B9-4E2D-AA25-E42D929D4F0D}.Release|Any CPU.Build.0 = Release|Any CPU
		{F30DCCB1-5BD6-450B-AAF4-2AA682670910}.Debug|Any CPU.ActiveCfg = Debug|Any CPU
		{F30DCCB1-5BD6-450B-AAF4-2AA682670910}.Debug|Any CPU.Build.0 = Debug|Any CPU
		{F30DCCB1-5BD6-450B-AAF4-2AA682670910}.Release|Any CPU.ActiveCfg = Release|Any CPU
		{F30DCCB1-5BD6-450B-AAF4-2AA682670910}.Release|Any CPU.Build.0 = Release|Any CPU
		{FECE1464-5C52-42C3-BE5E-0850A7C3ABA1}.Debug|Any CPU.ActiveCfg = Debug|Any CPU
		{FECE1464-5C52-42C3-BE5E-0850A7C3ABA1}.Debug|Any CPU.Build.0 = Debug|Any CPU
		{FECE1464-5C52-42C3-BE5E-0850A7C3ABA1}.Release|Any CPU.ActiveCfg = Release|Any CPU
		{FECE1464-5C52-42C3-BE5E-0850A7C3ABA1}.Release|Any CPU.Build.0 = Release|Any CPU
		{04F6BB75-2C92-4E04-AD6A-AC3C6C610ACE}.Debug|Any CPU.ActiveCfg = Debug|Any CPU
		{04F6BB75-2C92-4E04-AD6A-AC3C6C610ACE}.Debug|Any CPU.Build.0 = Debug|Any CPU
		{04F6BB75-2C92-4E04-AD6A-AC3C6C610ACE}.Release|Any CPU.ActiveCfg = Release|Any CPU
		{04F6BB75-2C92-4E04-AD6A-AC3C6C610ACE}.Release|Any CPU.Build.0 = Release|Any CPU
		{70F0A38F-D2A9-4B15-AF8B-738CB9E3CA5E}.Debug|Any CPU.ActiveCfg = Debug|Any CPU
		{70F0A38F-D2A9-4B15-AF8B-738CB9E3CA5E}.Debug|Any CPU.Build.0 = Debug|Any CPU
		{70F0A38F-D2A9-4B15-AF8B-738CB9E3CA5E}.Release|Any CPU.ActiveCfg = Release|Any CPU
		{70F0A38F-D2A9-4B15-AF8B-738CB9E3CA5E}.Release|Any CPU.Build.0 = Release|Any CPU
		{651D6CDF-4F02-40AE-8E3C-F10021EE48B8}.Debug|Any CPU.ActiveCfg = Debug|Any CPU
		{651D6CDF-4F02-40AE-8E3C-F10021EE48B8}.Debug|Any CPU.Build.0 = Debug|Any CPU
		{651D6CDF-4F02-40AE-8E3C-F10021EE48B8}.Release|Any CPU.ActiveCfg = Release|Any CPU
		{651D6CDF-4F02-40AE-8E3C-F10021EE48B8}.Release|Any CPU.Build.0 = Release|Any CPU
		{DA9E9A88-0A14-4E87-ABAC-FE12FF2632F0}.Debug|Any CPU.ActiveCfg = Debug|Any CPU
		{DA9E9A88-0A14-4E87-ABAC-FE12FF2632F0}.Debug|Any CPU.Build.0 = Debug|Any CPU
		{DA9E9A88-0A14-4E87-ABAC-FE12FF2632F0}.Release|Any CPU.ActiveCfg = Release|Any CPU
		{DA9E9A88-0A14-4E87-ABAC-FE12FF2632F0}.Release|Any CPU.Build.0 = Release|Any CPU
		{91CC68C7-64EA-4E6E-AD61-5CB8BC0E6FE1}.Debug|Any CPU.ActiveCfg = Debug|Any CPU
		{91CC68C7-64EA-4E6E-AD61-5CB8BC0E6FE1}.Debug|Any CPU.Build.0 = Debug|Any CPU
		{91CC68C7-64EA-4E6E-AD61-5CB8BC0E6FE1}.Release|Any CPU.ActiveCfg = Release|Any CPU
		{91CC68C7-64EA-4E6E-AD61-5CB8BC0E6FE1}.Release|Any CPU.Build.0 = Release|Any CPU
		{1AF3989D-A148-413E-82E3-CF0D3343C43B}.Debug|Any CPU.ActiveCfg = Debug|Any CPU
		{1AF3989D-A148-413E-82E3-CF0D3343C43B}.Debug|Any CPU.Build.0 = Debug|Any CPU
		{1AF3989D-A148-413E-82E3-CF0D3343C43B}.Release|Any CPU.ActiveCfg = Release|Any CPU
		{1AF3989D-A148-413E-82E3-CF0D3343C43B}.Release|Any CPU.Build.0 = Release|Any CPU
		{ECD8B53F-2D8A-4442-B235-4FCB14D2F445}.Debug|Any CPU.ActiveCfg = Debug|Any CPU
		{ECD8B53F-2D8A-4442-B235-4FCB14D2F445}.Debug|Any CPU.Build.0 = Debug|Any CPU
		{ECD8B53F-2D8A-4442-B235-4FCB14D2F445}.Release|Any CPU.ActiveCfg = Release|Any CPU
		{ECD8B53F-2D8A-4442-B235-4FCB14D2F445}.Release|Any CPU.Build.0 = Release|Any CPU
		{3F9C01B1-AF57-4C62-8A81-BBAB957976CA}.Debug|Any CPU.ActiveCfg = Debug|Any CPU
		{3F9C01B1-AF57-4C62-8A81-BBAB957976CA}.Debug|Any CPU.Build.0 = Debug|Any CPU
		{3F9C01B1-AF57-4C62-8A81-BBAB957976CA}.Release|Any CPU.ActiveCfg = Release|Any CPU
		{3F9C01B1-AF57-4C62-8A81-BBAB957976CA}.Release|Any CPU.Build.0 = Release|Any CPU
		{8CECE78B-B0F3-453C-A1AC-314A4ADD3AD7}.Debug|Any CPU.ActiveCfg = Debug|Any CPU
		{8CECE78B-B0F3-453C-A1AC-314A4ADD3AD7}.Debug|Any CPU.Build.0 = Debug|Any CPU
		{8CECE78B-B0F3-453C-A1AC-314A4ADD3AD7}.Release|Any CPU.ActiveCfg = Release|Any CPU
		{8CECE78B-B0F3-453C-A1AC-314A4ADD3AD7}.Release|Any CPU.Build.0 = Release|Any CPU
	EndGlobalSection
	GlobalSection(SolutionProperties) = preSolution
		HideSolutionNode = FALSE
	EndGlobalSection
EndGlobal
